
Microsoft Visual Studio Solution File, Format Version 12.00
# Visual Studio Version 16
VisualStudioVersion = 16.0.31005.135
MinimumVisualStudioVersion = 10.0.40219.1
Project("{FAE04EC0-301F-11D3-BF4B-00C04F79EFBC}") = "POL.Android", "POL\POL.Android\POL.Android.csproj", "{88E59161-F025-4D21-B222-97FCB1157F61}"
EndProject
Project("{FAE04EC0-301F-11D3-BF4B-00C04F79EFBC}") = "POL", "POL\POL\POL.csproj", "{7D6AE325-94D5-42CC-8DE5-045D764BBEC2}"
EndProject
Global
	GlobalSection(SolutionConfigurationPlatforms) = preSolution
		Debug|Any CPU = Debug|Any CPU
		Release|Any CPU = Release|Any CPU
	EndGlobalSection
	GlobalSection(ProjectConfigurationPlatforms) = postSolution
		{88E59161-F025-4D21-B222-97FCB1157F61}.Debug|Any CPU.ActiveCfg = Debug|Any CPU
		{88E59161-F025-4D21-B222-97FCB1157F61}.Debug|Any CPU.Build.0 = Debug|Any CPU
		{88E59161-F025-4D21-B222-97FCB1157F61}.Debug|Any CPU.Deploy.0 = Debug|Any CPU
		{88E59161-F025-4D21-B222-97FCB1157F61}.Release|Any CPU.ActiveCfg = Release|Any CPU
		{88E59161-F025-4D21-B222-97FCB1157F61}.Release|Any CPU.Build.0 = Release|Any CPU
		{88E59161-F025-4D21-B222-97FCB1157F61}.Release|Any CPU.Deploy.0 = Release|Any CPU
		{7D6AE325-94D5-42CC-8DE5-045D764BBEC2}.Debug|Any CPU.ActiveCfg = Debug|Any CPU
		{7D6AE325-94D5-42CC-8DE5-045D764BBEC2}.Debug|Any CPU.Build.0 = Debug|Any CPU
		{7D6AE325-94D5-42CC-8DE5-045D764BBEC2}.Debug|Any CPU.Deploy.0 = Debug|Any CPU
		{7D6AE325-94D5-42CC-8DE5-045D764BBEC2}.Release|Any CPU.ActiveCfg = Release|Any CPU
		{7D6AE325-94D5-42CC-8DE5-045D764BBEC2}.Release|Any CPU.Build.0 = Release|Any CPU
		{7D6AE325-94D5-42CC-8DE5-045D764BBEC2}.Release|Any CPU.Deploy.0 = Release|Any CPU
	EndGlobalSection
	GlobalSection(SolutionProperties) = preSolution
		HideSolutionNode = FALSE
	EndGlobalSection
	GlobalSection(ExtensibilityGlobals) = postSolution
		SolutionGuid = {A3945EBA-151F-4A98-A62E-2DCCC1DB7B7B}
	EndGlobalSection
EndGlobal
